
Microsoft Visual Studio Solution File, Format Version 12.00
# Visual Studio Version 17
VisualStudioVersion = 17.8.34322.80
MinimumVisualStudioVersion = 10.0.40219.1
Project("{9A19103F-16F7-4668-BE54-9A1E7A4F7556}") = "Shyrian_project", "Shyrian_project.csproj", "{4E2DB7C3-428D-469A-A8D2-484289D6ADD4}"
EndProject
Global
	GlobalSection(SolutionConfigurationPlatforms) = preSolution
		Debug|Any CPU = Debug|Any CPU
		Release|Any CPU = Release|Any CPU
	EndGlobalSection
	GlobalSection(ProjectConfigurationPlatforms) = postSolution
		{4E2DB7C3-428D-469A-A8D2-484289D6ADD4}.Debug|Any CPU.ActiveCfg = Debug|Any CPU
		{4E2DB7C3-428D-469A-A8D2-484289D6ADD4}.Debug|Any CPU.Build.0 = Debug|Any CPU
		{4E2DB7C3-428D-469A-A8D2-484289D6ADD4}.Release|Any CPU.ActiveCfg = Release|Any CPU
		{4E2DB7C3-428D-469A-A8D2-484289D6ADD4}.Release|Any CPU.Build.0 = Release|Any CPU
	EndGlobalSection
	GlobalSection(SolutionProperties) = preSolution
		HideSolutionNode = FALSE
	EndGlobalSection
	GlobalSection(ExtensibilityGlobals) = postSolution
		SolutionGuid = {206AD621-A56E-49B1-844F-6B9E7720AE63}
	EndGlobalSection
EndGlobal
